
Microsoft Visual Studio Solution File, Format Version 12.00
# Visual Studio Version 17
VisualStudioVersion = 17.6.33801.468
MinimumVisualStudioVersion = 10.0.40219.1
Project("{9A19103F-16F7-4668-BE54-9A1E7A4F7556}") = "FunBugWebAPI", "FunBugWebAPI\FunBugWebAPI.csproj", "{A6566659-2FF3-4C21-8638-836EB2DA22CD}"
EndProject
Project("{9A19103F-16F7-4668-BE54-9A1E7A4F7556}") = "SqlDataLib", "SqlDataLib\SqlDataLib.csproj", "{17B1BC9E-B116-4BB6-BEEA-106F445122A4}"
EndProject
Project("{9A19103F-16F7-4668-BE54-9A1E7A4F7556}") = "SqlServerLib", "SqlServerLib\SqlServerLib.csproj", "{0EA30F8B-48C7-46D8-8058-F75A8640687C}"
EndProject
Project("{9A19103F-16F7-4668-BE54-9A1E7A4F7556}") = "MySqlLib", "MySqlLib\MySqlLib.csproj", "{D81313D2-2606-4A2E-AA42-DB5DDF6BEE1E}"
EndProject
Project("{FAE04EC0-301F-11D3-BF4B-00C04F79EFBC}") = "TestingConsole", "TestingConsole\TestingConsole.csproj", "{2BDD2D32-B215-4D7F-8371-7B76192BC888}"
EndProject
Global
	GlobalSection(SolutionConfigurationPlatforms) = preSolution
		Debug|Any CPU = Debug|Any CPU
		Release|Any CPU = Release|Any CPU
	EndGlobalSection
	GlobalSection(ProjectConfigurationPlatforms) = postSolution
		{A6566659-2FF3-4C21-8638-836EB2DA22CD}.Debug|Any CPU.ActiveCfg = Debug|Any CPU
		{A6566659-2FF3-4C21-8638-836EB2DA22CD}.Debug|Any CPU.Build.0 = Debug|Any CPU
		{A6566659-2FF3-4C21-8638-836EB2DA22CD}.Release|Any CPU.ActiveCfg = Release|Any CPU
		{A6566659-2FF3-4C21-8638-836EB2DA22CD}.Release|Any CPU.Build.0 = Release|Any CPU
		{17B1BC9E-B116-4BB6-BEEA-106F445122A4}.Debug|Any CPU.ActiveCfg = Debug|Any CPU
		{17B1BC9E-B116-4BB6-BEEA-106F445122A4}.Debug|Any CPU.Build.0 = Debug|Any CPU
		{17B1BC9E-B116-4BB6-BEEA-106F445122A4}.Release|Any CPU.ActiveCfg = Release|Any CPU
		{17B1BC9E-B116-4BB6-BEEA-106F445122A4}.Release|Any CPU.Build.0 = Release|Any CPU
		{0EA30F8B-48C7-46D8-8058-F75A8640687C}.Debug|Any CPU.ActiveCfg = Debug|Any CPU
		{0EA30F8B-48C7-46D8-8058-F75A8640687C}.Debug|Any CPU.Build.0 = Debug|Any CPU
		{0EA30F8B-48C7-46D8-8058-F75A8640687C}.Release|Any CPU.ActiveCfg = Release|Any CPU
		{0EA30F8B-48C7-46D8-8058-F75A8640687C}.Release|Any CPU.Build.0 = Release|Any CPU
		{D81313D2-2606-4A2E-AA42-DB5DDF6BEE1E}.Debug|Any CPU.ActiveCfg = Debug|Any CPU
		{D81313D2-2606-4A2E-AA42-DB5DDF6BEE1E}.Debug|Any CPU.Build.0 = Debug|Any CPU
		{D81313D2-2606-4A2E-AA42-DB5DDF6BEE1E}.Release|Any CPU.ActiveCfg = Release|Any CPU
		{D81313D2-2606-4A2E-AA42-DB5DDF6BEE1E}.Release|Any CPU.Build.0 = Release|Any CPU
		{2BDD2D32-B215-4D7F-8371-7B76192BC888}.Debug|Any CPU.ActiveCfg = Debug|Any CPU
		{2BDD2D32-B215-4D7F-8371-7B76192BC888}.Debug|Any CPU.Build.0 = Debug|Any CPU
		{2BDD2D32-B215-4D7F-8371-7B76192BC888}.Release|Any CPU.ActiveCfg = Release|Any CPU
		{2BDD2D32-B215-4D7F-8371-7B76192BC888}.Release|Any CPU.Build.0 = Release|Any CPU
	EndGlobalSection
	GlobalSection(SolutionProperties) = preSolution
		HideSolutionNode = FALSE
	EndGlobalSection
	GlobalSection(ExtensibilityGlobals) = postSolution
		SolutionGuid = {ED919672-6F8C-4D23-831F-AEEBE2EF43A2}
	EndGlobalSection
EndGlobal
